
Microsoft Visual Studio Solution File, Format Version 12.00
# Visual Studio Version 17
VisualStudioVersion = 17.10.35013.160
MinimumVisualStudioVersion = 10.0.40219.1
Project("{8BC9CEB8-8B4A-11D0-8D11-00A0C91BC942}") = "BinTree_with_functions", "BinTree_with_functions\BinTree_with_functions.vcxproj", "{8CBFCCF7-0F72-4764-A1C0-0213714A7156}"
EndProject
Global
	GlobalSection(SolutionConfigurationPlatforms) = preSolution
		Debug|x64 = Debug|x64
		Debug|x86 = Debug|x86
		Release|x64 = Release|x64
		Release|x86 = Release|x86
	EndGlobalSection
	GlobalSection(ProjectConfigurationPlatforms) = postSolution
		{8CBFCCF7-0F72-4764-A1C0-0213714A7156}.Debug|x64.ActiveCfg = Debug|x64
		{8CBFCCF7-0F72-4764-A1C0-0213714A7156}.Debug|x64.Build.0 = Debug|x64
		{8CBFCCF7-0F72-4764-A1C0-0213714A7156}.Debug|x86.ActiveCfg = Debug|Win32
		{8CBFCCF7-0F72-4764-A1C0-0213714A7156}.Debug|x86.Build.0 = Debug|Win32
		{8CBFCCF7-0F72-4764-A1C0-0213714A7156}.Release|x64.ActiveCfg = Release|x64
		{8CBFCCF7-0F72-4764-A1C0-0213714A7156}.Release|x64.Build.0 = Release|x64
		{8CBFCCF7-0F72-4764-A1C0-0213714A7156}.Release|x86.ActiveCfg = Release|Win32
		{8CBFCCF7-0F72-4764-A1C0-0213714A7156}.Release|x86.Build.0 = Release|Win32
	EndGlobalSection
	GlobalSection(SolutionProperties) = preSolution
		HideSolutionNode = FALSE
	EndGlobalSection
	GlobalSection(ExtensibilityGlobals) = postSolution
		SolutionGuid = {5C7096C4-B5F0-41D0-BDDA-CDF7980A65EE}
	EndGlobalSection
EndGlobal
